
Microsoft Visual Studio Solution File, Format Version 12.00
# Visual Studio Version 16
VisualStudioVersion = 16.0.30413.136
MinimumVisualStudioVersion = 10.0.40219.1
Project("{FAE04EC0-301F-11D3-BF4B-00C04F79EFBC}") = "Barbearia", "Barbearia\Barbearia.csproj", "{FF76DDC2-0AF1-4BC7-8CAB-1098FB8564DB}"
EndProject
Global
	GlobalSection(SolutionConfigurationPlatforms) = preSolution
		Debug|Any CPU = Debug|Any CPU
		Release|Any CPU = Release|Any CPU
	EndGlobalSection
	GlobalSection(ProjectConfigurationPlatforms) = postSolution
		{FF76DDC2-0AF1-4BC7-8CAB-1098FB8564DB}.Debug|Any CPU.ActiveCfg = Debug|Any CPU
		{FF76DDC2-0AF1-4BC7-8CAB-1098FB8564DB}.Debug|Any CPU.Build.0 = Debug|Any CPU
		{FF76DDC2-0AF1-4BC7-8CAB-1098FB8564DB}.Release|Any CPU.ActiveCfg = Release|Any CPU
		{FF76DDC2-0AF1-4BC7-8CAB-1098FB8564DB}.Release|Any CPU.Build.0 = Release|Any CPU
	EndGlobalSection
	GlobalSection(SolutionProperties) = preSolution
		HideSolutionNode = FALSE
	EndGlobalSection
	GlobalSection(ExtensibilityGlobals) = postSolution
		SolutionGuid = {4C295B1B-9C56-4F46-9415-86362C123079}
	EndGlobalSection
EndGlobal
